PODS:
  - JCSwiftCommon (1.0.3):
    - JCSwiftCommon/Common (= 1.0.3)
    - "JCSwiftCommon/Foundation+Ext (= 1.0.3)"
  - JCSwiftCommon/Common (1.0.3):
    - "JCSwiftCommon/Foundation+Ext"
  - "JCSwiftCommon/Foundation+Ext (1.0.3)"
  - JCSwiftRestful (1.0.5):
    - JCSwiftCommon
  - JCSwiftUIWidgets (2.0.0):
    - JCSwiftUIWidgets/Configure (= 2.0.0)
    - "JCSwiftUIWidgets/SwiftUI+Ext (= 2.0.0)"
    - JCSwiftUIWidgets/Widgets (= 2.0.0)
  - JCSwiftUIWidgets/Configure (2.0.0):
    - "JCSwiftUIWidgets/SwiftUI+Ext"
  - "JCSwiftUIWidgets/SwiftUI+Ext (2.0.0)"
  - JCSwiftUIWidgets/Widgets (2.0.0):
    - JCSwiftUIWidgets/Configure
    - "JCSwiftUIWidgets/SwiftUI+Ext"

DEPENDENCIES:
  - JCSwiftCommon (from `../../JCSwiftCommon`)
  - JCSwiftRestful (from `../`)
  - JCSwiftUIWidgets (from `../../JCSwiftUIWidgets`)

EXTERNAL SOURCES:
  JCSwiftCommon:
    :path: "../../JCSwiftCommon"
  JCSwiftRestful:
    :path: "../"
  JCSwiftUIWidgets:
    :path: "../../JCSwiftUIWidgets"

SPEC CHECKSUMS:
  JCSwiftCommon: 292929de45147e52702aecaece625fd051536d08
  JCSwiftRestful: dc5ec08b732879d27b0941ed9e478e228f3887a6
  JCSwiftUIWidgets: 57ed197d522877f30b760a467669cc6b6f9cd724

PODFILE CHECKSUM: 32163d6ed48b2becddc9fbfb2bdffbdfbff7e58c

COCOAPODS: 1.16.2
