PODS:
  - JCSwiftCommon (2.0.0):
    - JCSwiftCommon/Common (= 2.0.0)
    - "JCSwiftCommon/Foundation+Ext (= 2.0.0)"
  - JCSwiftCommon/Common (2.0.0):
    - "JCSwiftCommon/Foundation+Ext"
  - "JCSwiftCommon/Foundation+Ext (2.0.0)"
  - JCSwiftRestful (2.0.0):
    - JCSwiftCommon (~> 2.0)
  - JCSwiftUIWidgets (2.1.0):
    - JCSwiftUIWidgets/Configure (= 2.1.0)
    - "JCSwiftUIWidgets/SwiftUI+Ext (= 2.1.0)"
    - JCSwiftUIWidgets/Widgets (= 2.1.0)
  - JCSwiftUIWidgets/Configure (2.1.0):
    - "JCSwiftUIWidgets/SwiftUI+Ext"
  - "JCSwiftUIWidgets/SwiftUI+Ext (2.1.0)"
  - JCSwiftUIWidgets/Widgets (2.1.0):
    - JCSwiftUIWidgets/Configure
    - "JCSwiftUIWidgets/SwiftUI+Ext"

DEPENDENCIES:
  - JCSwiftCommon (from `../../JCSwiftCommon`)
  - JCSwiftRestful (from `../`)
  - JCSwiftUIWidgets (from `../../JCSwiftUIWidgets`)

EXTERNAL SOURCES:
  JCSwiftCommon:
    :path: "../../JCSwiftCommon"
  JCSwiftRestful:
    :path: "../"
  JCSwiftUIWidgets:
    :path: "../../JCSwiftUIWidgets"

SPEC CHECKSUMS:
  JCSwiftCommon: 6c041c1e30d410cc6cabb7675c9729a0a87f3c28
  JCSwiftRestful: 265ad6e7b4a634f42181b721e21116dc64267350
  JCSwiftUIWidgets: 64ceccccc075531223a2ab299d7ea0c10b592d1e

PODFILE CHECKSUM: 58fc8d3f053e4fe06d2c89317cd7478b67c4189c

COCOAPODS: 1.16.2
